// !$*UTF8*$!
{
	archiveVersion = 1;
	classes = {
	};
	objectVersion = 50;
	objects = {

/* Begin PBXBuildFile section */
		C242D6A5267C51A000C70842 /* 1022.c in Sources */ = {isa = PBXBuildFile; fileRef = C242D6A4267C51A000C70842 /* 1022.c */; };
/* End PBXBuildFile section */

/* Begin PBXCopyFilesBuildPhase section */
		C2523CD826725E3800BA8F5C /* CopyFiles */ = {
			isa = PBXCopyFilesBuildPhase;
			buildActionMask = 2147483647;
			dstPath = /usr/share/man/man1/;
			dstSubfolderSpec = 0;
			files = (
			);
			runOnlyForDeploymentPostprocessing = 1;
		};
/* End PBXCopyFilesBuildPhase section */

/* Begin PBXFileReference section */
		C242D69E267C4ED200C70842 /* 1020.c */ = {isa = PBXFileReference; lastKnownFileType = sourcecode.c.c; path = 1020.c; sourceTree = "<group>"; };
		C242D6A0267C503300C70842 /* 1021.c */ = {isa = PBXFileReference; lastKnownFileType = sourcecode.c.c; path = 1021.c; sourceTree = "<group>"; };
		C242D6A4267C51A000C70842 /* 1022.c */ = {isa = PBXFileReference; lastKnownFileType = sourcecode.c.c; path = 1022.c; sourceTree = "<group>"; };
		C243E799267B3C6400FCAE65 /* 1013.c */ = {isa = PBXFileReference; lastKnownFileType = sourcecode.c.c; path = 1013.c; sourceTree = "<group>"; };
		C243E79B267B3CD700FCAE65 /* 1014.c */ = {isa = PBXFileReference; lastKnownFileType = sourcecode.c.c; path = 1014.c; sourceTree = "<group>"; };
		C243E79D267B3D4400FCAE65 /* 1015.c */ = {isa = PBXFileReference; lastKnownFileType = sourcecode.c.c; path = 1015.c; sourceTree = "<group>"; };
		C243E79F267B3DD300FCAE65 /* 1017.c */ = {isa = PBXFileReference; lastKnownFileType = sourcecode.c.c; path = 1017.c; sourceTree = "<group>"; };
		C243E7A1267B3E3000FCAE65 /* 1018.c */ = {isa = PBXFileReference; lastKnownFileType = sourcecode.c.c; path = 1018.c; sourceTree = "<group>"; };
		C243E7A3267B3EFA00FCAE65 /* 1019.c */ = {isa = PBXFileReference; lastKnownFileType = sourcecode.c.c; path = 1019.c; sourceTree = "<group>"; };
		C247475B267A364800E884CA /* 1008.c */ = {isa = PBXFileReference; lastKnownFileType = sourcecode.c.c; path = 1008.c; sourceTree = "<group>"; };
		C247475D267A378500E884CA /* 1010.c */ = {isa = PBXFileReference; lastKnownFileType = sourcecode.c.c; path = 1010.c; sourceTree = "<group>"; };
		C247475F267A37E400E884CA /* 1011.c */ = {isa = PBXFileReference; lastKnownFileType = sourcecode.c.c; path = 1011.c; sourceTree = "<group>"; };
		C2474761267A383300E884CA /* 1012.c */ = {isa = PBXFileReference; lastKnownFileType = sourcecode.c.c; path = 1012.c; sourceTree = "<group>"; };
		C2523CDA26725E3800BA8F5C /* CodeUp_C */ = {isa = PBXFileReference; explicitFileType = "compiled.mach-o.executable"; includeInIndex = 0; path = CodeUp_C; sourceTree = BUILT_PRODUCTS_DIR; };
		C2523CDD26725E3800BA8F5C /* 1001.c */ = {isa = PBXFileReference; lastKnownFileType = sourcecode.c.c; path = 1001.c; sourceTree = "<group>"; };
		C2523CE426725EE000BA8F5C /* 1002.c */ = {isa = PBXFileReference; lastKnownFileType = sourcecode.c.c; path = 1002.c; sourceTree = "<group>"; };
		C277CE962679ECDF008EE2B5 /* 1003.c */ = {isa = PBXFileReference; lastKnownFileType = sourcecode.c.c; path = 1003.c; sourceTree = "<group>"; };
		C277CE982679ED4D008EE2B5 /* 1004.c */ = {isa = PBXFileReference; lastKnownFileType = sourcecode.c.c; path = 1004.c; sourceTree = "<group>"; };
		C277CE9A2679EDC3008EE2B5 /* 1005.c */ = {isa = PBXFileReference; lastKnownFileType = sourcecode.c.c; path = 1005.c; sourceTree = "<group>"; };
		C277CE9C2679EE3E008EE2B5 /* 1006.c */ = {isa = PBXFileReference; lastKnownFileType = sourcecode.c.c; path = 1006.c; sourceTree = "<group>"; };
		C277CE9E2679EEBE008EE2B5 /* 1007.c */ = {isa = PBXFileReference; lastKnownFileType = sourcecode.c.c; path = 1007.c; sourceTree = "<group>"; };
/* End PBXFileReference section */

/* Begin PBXFrameworksBuildPhase section */
		C2523CD726725E3800BA8F5C /* Frameworks */ = {
			isa = PBXFrameworksBuildPhase;
			buildActionMask = 2147483647;
			files = (
			);
			runOnlyForDeploymentPostprocessing = 0;
		};
/* End PBXFrameworksBuildPhase section */

/* Begin PBXGroup section */
		C2523CD126725E3800BA8F5C = {
			isa = PBXGroup;
			children = (
				C2523CDC26725E3800BA8F5C /* CodeUp_C */,
				C2523CDB26725E3800BA8F5C /* Products */,
			);
			sourceTree = "<group>";
		};
		C2523CDB26725E3800BA8F5C /* Products */ = {
			isa = PBXGroup;
			children = (
				C2523CDA26725E3800BA8F5C /* CodeUp_C */,
			);
			name = Products;
			sourceTree = "<group>";
		};
		C2523CDC26725E3800BA8F5C /* CodeUp_C */ = {
			isa = PBXGroup;
			children = (
				C2523CDD26725E3800BA8F5C /* 1001.c */,
				C2523CE426725EE000BA8F5C /* 1002.c */,
				C277CE962679ECDF008EE2B5 /* 1003.c */,
				C277CE982679ED4D008EE2B5 /* 1004.c */,
				C277CE9A2679EDC3008EE2B5 /* 1005.c */,
				C277CE9C2679EE3E008EE2B5 /* 1006.c */,
				C277CE9E2679EEBE008EE2B5 /* 1007.c */,
				C247475B267A364800E884CA /* 1008.c */,
				C247475D267A378500E884CA /* 1010.c */,
				C247475F267A37E400E884CA /* 1011.c */,
				C2474761267A383300E884CA /* 1012.c */,
				C243E799267B3C6400FCAE65 /* 1013.c */,
				C243E79B267B3CD700FCAE65 /* 1014.c */,
				C243E79D267B3D4400FCAE65 /* 1015.c */,
				C243E79F267B3DD300FCAE65 /* 1017.c */,
				C243E7A1267B3E3000FCAE65 /* 1018.c */,
				C243E7A3267B3EFA00FCAE65 /* 1019.c */,
				C242D69E267C4ED200C70842 /* 1020.c */,
				C242D6A0267C503300C70842 /* 1021.c */,
				C242D6A4267C51A000C70842 /* 1022.c */,
			);
			path = CodeUp_C;
			sourceTree = "<group>";
		};
/* End PBXGroup section */

/* Begin PBXNativeTarget section */
		C2523CD926725E3800BA8F5C /* CodeUp_C */ = {
			isa = PBXNativeTarget;
			buildConfigurationList = C2523CE126725E3800BA8F5C /* Build configuration list for PBXNativeTarget "CodeUp_C" */;
			buildPhases = (
				C2523CD626725E3800BA8F5C /* Sources */,
				C2523CD726725E3800BA8F5C /* Frameworks */,
				C2523CD826725E3800BA8F5C /* CopyFiles */,
			);
			buildRules = (
			);
			dependencies = (
			);
			name = CodeUp_C;
			productName = CodeUp_C;
			productReference = C2523CDA26725E3800BA8F5C /* CodeUp_C */;
			productType = "com.apple.product-type.tool";
		};
/* End PBXNativeTarget section */

/* Begin PBXProject section */
		C2523CD226725E3800BA8F5C /* Project object */ = {
			isa = PBXProject;
			attributes = {
				LastUpgradeCheck = 1250;
				TargetAttributes = {
					C2523CD926725E3800BA8F5C = {
						CreatedOnToolsVersion = 12.5;
					};
				};
			};
			buildConfigurationList = C2523CD526725E3800BA8F5C /* Build configuration list for PBXProject "CodeUp_C" */;
			compatibilityVersion = "Xcode 9.3";
			developmentRegion = en;
			hasScannedForEncodings = 0;
			knownRegions = (
				en,
				Base,
			);
			mainGroup = C2523CD126725E3800BA8F5C;
			productRefGroup = C2523CDB26725E3800BA8F5C /* Products */;
			projectDirPath = "";
			projectRoot = "";
			targets = (
				C2523CD926725E3800BA8F5C /* CodeUp_C */,
			);
		};
/* End PBXProject section */

/* Begin PBXSourcesBuildPhase section */
		C2523CD626725E3800BA8F5C /* Sources */ = {
			isa = PBXSourcesBuildPhase;
			buildActionMask = 2147483647;
			files = (
				C242D6A5267C51A000C70842 /* 1022.c in Sources */,
			);
			runOnlyForDeploymentPostprocessing = 0;
		};
/* End PBXSourcesBuildPhase section */

/* Begin XCBuildConfiguration section */
		C2523CDF26725E3800BA8F5C /* Debug */ = {
			isa = XCBuildConfiguration;
			buildSettings = {
				ALWAYS_SEARCH_USER_PATHS = NO;
				CLANG_ANALYZER_NONNULL = YES;
				CLANG_ANALYZER_NUMBER_OBJECT_CONVERSION = YES_AGGRESSIVE;
				CLANG_CXX_LANGUAGE_STANDARD = "gnu++14";
				CLANG_CXX_LIBRARY = "libc++";
				CLANG_ENABLE_MODULES = YES;
				CLANG_ENABLE_OBJC_ARC = YES;
				CLANG_ENABLE_OBJC_WEAK = YES;
				CLANG_WARN_BLOCK_CAPTURE_AUTORELEASING = YES;
				CLANG_WARN_BOOL_CONVERSION = YES;
				CLANG_WARN_COMMA = YES;
				CLANG_WARN_CONSTANT_CONVERSION = YES;
				CLANG_WARN_DEPRECATED_OBJC_IMPLEMENTATIONS = YES;
				CLANG_WARN_DIRECT_OBJC_ISA_USAGE = YES_ERROR;
				CLANG_WARN_DOCUMENTATION_COMMENTS = YES;
				CLANG_WARN_EMPTY_BODY = YES;
				CLANG_WARN_ENUM_CONVERSION = YES;
				CLANG_WARN_INFINITE_RECURSION = YES;
				CLANG_WARN_INT_CONVERSION = YES;
				CLANG_WARN_NON_LITERAL_NULL_CONVERSION = YES;
				CLANG_WARN_OBJC_IMPLICIT_RETAIN_SELF = YES;
				CLANG_WARN_OBJC_LITERAL_CONVERSION = YES;
				CLANG_WARN_OBJC_ROOT_CLASS = YES_ERROR;
				CLANG_WARN_QUOTED_INCLUDE_IN_FRAMEWORK_HEADER = YES;
				CLANG_WARN_RANGE_LOOP_ANALYSIS = YES;
				CLANG_WARN_STRICT_PROTOTYPES = YES;
				CLANG_WARN_SUSPICIOUS_MOVE = YES;
				CLANG_WARN_UNGUARDED_AVAILABILITY = YES_AGGRESSIVE;
				CLANG_WARN_UNREACHABLE_CODE = YES;
				CLANG_WARN__DUPLICATE_METHOD_MATCH = YES;
				COPY_PHASE_STRIP = NO;
				DEBUG_INFORMATION_FORMAT = dwarf;
				ENABLE_STRICT_OBJC_MSGSEND = YES;
				ENABLE_TESTABILITY = YES;
				GCC_C_LANGUAGE_STANDARD = gnu11;
				GCC_DYNAMIC_NO_PIC = NO;
				GCC_NO_COMMON_BLOCKS = YES;
				GCC_OPTIMIZATION_LEVEL = 0;
				GCC_PREPROCESSOR_DEFINITIONS = (
					"DEBUG=1",
					"$(inherited)",
				);
				GCC_WARN_64_TO_32_BIT_CONVERSION = YES;
				GCC_WARN_ABOUT_RETURN_TYPE = YES_ERROR;
				GCC_WARN_UNDECLARED_SELECTOR = YES;
				GCC_WARN_UNINITIALIZED_AUTOS = YES_AGGRESSIVE;
				GCC_WARN_UNUSED_FUNCTION = YES;
				GCC_WARN_UNUSED_VARIABLE = YES;
				MACOSX_DEPLOYMENT_TARGET = 11.3;
				MTL_ENABLE_DEBUG_INFO = INCLUDE_SOURCE;
				MTL_FAST_MATH = YES;
				ONLY_ACTIVE_ARCH = YES;
				SDKROOT = macosx;
			};
			name = Debug;
		};
		C2523CE026725E3800BA8F5C /* Release */ = {
			isa = XCBuildConfiguration;
			buildSettings = {
				ALWAYS_SEARCH_USER_PATHS = NO;
				CLANG_ANALYZER_NONNULL = YES;
				CLANG_ANALYZER_NUMBER_OBJECT_CONVERSION = YES_AGGRESSIVE;
				CLANG_CXX_LANGUAGE_STANDARD = "gnu++14";
				CLANG_CXX_LIBRARY = "libc++";
				CLANG_ENABLE_MODULES = YES;
				CLANG_ENABLE_OBJC_ARC = YES;
				CLANG_ENABLE_OBJC_WEAK = YES;
				CLANG_WARN_BLOCK_CAPTURE_AUTORELEASING = YES;
				CLANG_WARN_BOOL_CONVERSION = YES;
				CLANG_WARN_COMMA = YES;
				CLANG_WARN_CONSTANT_CONVERSION = YES;
				CLANG_WARN_DEPRECATED_OBJC_IMPLEMENTATIONS = YES;
				CLANG_WARN_DIRECT_OBJC_ISA_USAGE = YES_ERROR;
				CLANG_WARN_DOCUMENTATION_COMMENTS = YES;
				CLANG_WARN_EMPTY_BODY = YES;
				CLANG_WARN_ENUM_CONVERSION = YES;
				CLANG_WARN_INFINITE_RECURSION = YES;
				CLANG_WARN_INT_CONVERSION = YES;
				CLANG_WARN_NON_LITERAL_NULL_CONVERSION = YES;
				CLANG_WARN_OBJC_IMPLICIT_RETAIN_SELF = YES;
				CLANG_WARN_OBJC_LITERAL_CONVERSION = YES;
				CLANG_WARN_OBJC_ROOT_CLASS = YES_ERROR;
				CLANG_WARN_QUOTED_INCLUDE_IN_FRAMEWORK_HEADER = YES;
				CLANG_WARN_RANGE_LOOP_ANALYSIS = YES;
				CLANG_WARN_STRICT_PROTOTYPES = YES;
				CLANG_WARN_SUSPICIOUS_MOVE = YES;
				CLANG_WARN_UNGUARDED_AVAILABILITY = YES_AGGRESSIVE;
				CLANG_WARN_UNREACHABLE_CODE = YES;
				CLANG_WARN__DUPLICATE_METHOD_MATCH = YES;
				COPY_PHASE_STRIP = NO;
				DEBUG_INFORMATION_FORMAT = "dwarf-with-dsym";
				ENABLE_NS_ASSERTIONS = NO;
				ENABLE_STRICT_OBJC_MSGSEND = YES;
				GCC_C_LANGUAGE_STANDARD = gnu11;
				GCC_NO_COMMON_BLOCKS = YES;
				GCC_WARN_64_TO_32_BIT_CONVERSION = YES;
				GCC_WARN_ABOUT_RETURN_TYPE = YES_ERROR;
				GCC_WARN_UNDECLARED_SELECTOR = YES;
				GCC_WARN_UNINITIALIZED_AUTOS = YES_AGGRESSIVE;
				GCC_WARN_UNUSED_FUNCTION = YES;
				GCC_WARN_UNUSED_VARIABLE = YES;
				MACOSX_DEPLOYMENT_TARGET = 11.3;
				MTL_ENABLE_DEBUG_INFO = NO;
				MTL_FAST_MATH = YES;
				SDKROOT = macosx;
			};
			name = Release;
		};
		C2523CE226725E3800BA8F5C /* Debug */ = {
			isa = XCBuildConfiguration;
			buildSettings = {
				CODE_SIGN_STYLE = Automatic;
				DEVELOPMENT_TEAM = N4V3TR8X36;
				ENABLE_HARDENED_RUNTIME = YES;
				PRODUCT_NAME = "$(TARGET_NAME)";
			};
			name = Debug;
		};
		C2523CE326725E3800BA8F5C /* Release */ = {
			isa = XCBuildConfiguration;
			buildSettings = {
				CODE_SIGN_STYLE = Automatic;
				DEVELOPMENT_TEAM = N4V3TR8X36;
				ENABLE_HARDENED_RUNTIME = YES;
				PRODUCT_NAME = "$(TARGET_NAME)";
			};
			name = Release;
		};
/* End XCBuildConfiguration section */

/* Begin XCConfigurationList section */
		C2523CD526725E3800BA8F5C /* Build configuration list for PBXProject "CodeUp_C" */ = {
			isa = XCConfigurationList;
			buildConfigurations = (
				C2523CDF26725E3800BA8F5C /* Debug */,
				C2523CE026725E3800BA8F5C /* Release */,
			);
			defaultConfigurationIsVisible = 0;
			defaultConfigurationName = Release;
		};
		C2523CE126725E3800BA8F5C /* Build configuration list for PBXNativeTarget "CodeUp_C" */ = {
			isa = XCConfigurationList;
			buildConfigurations = (
				C2523CE226725E3800BA8F5C /* Debug */,
				C2523CE326725E3800BA8F5C /* Release */,
			);
			defaultConfigurationIsVisible = 0;
			defaultConfigurationName = Release;
		};
/* End XCConfigurationList section */
	};
	rootObject = C2523CD226725E3800BA8F5C /* Project object */;
}
